Microsoft Visual Studio Solution File, Format Version 12.00
# Visual Studio Version 17
VisualStudioVersion = 17.5.2.0
MinimumVisualStudioVersion = 10.0.40219.1
Project("{FAE04EC0-301F-11D3-BF4B-00C04F79EFBC}") = "SwitchMonitoring", "SwitchMonitoring\SwitchMonitoring.csproj", "{6C15C2C7-EDFA-4BE4-D3DF-E165FA0FB0D8}"
EndProject
Global
	GlobalSection(SolutionConfigurationPlatforms) = preSolution
		Debug|Any CPU = Debug|Any CPU
		Release|Any CPU = Release|Any CPU
	EndGlobalSection
	GlobalSection(ProjectConfigurationPlatforms) = postSolution
		{6C15C2C7-EDFA-4BE4-D3DF-E165FA0FB0D8}.Debug|Any CPU.ActiveCfg = Debug|Any CPU
		{6C15C2C7-EDFA-4BE4-D3DF-E165FA0FB0D8}.Debug|Any CPU.Build.0 = Debug|Any CPU
		{6C15C2C7-EDFA-4BE4-D3DF-E165FA0FB0D8}.Release|Any CPU.ActiveCfg = Release|Any CPU
		{6C15C2C7-EDFA-4BE4-D3DF-E165FA0FB0D8}.Release|Any CPU.Build.0 = Release|Any CPU
	EndGlobalSection
	GlobalSection(SolutionProperties) = preSolution
		HideSolutionNode = FALSE
	EndGlobalSection
	GlobalSection(ExtensibilityGlobals) = postSolution
		SolutionGuid = {A7F9182D-E94A-4958-A1EE-7412C1C0A78F}
	EndGlobalSection
EndGlobal
